{
  "name": "jpush-phonegap-plugin",
  "version": "3.2.13",
  "lockfileVersion": 1,
  "requires": true,
  "dependencies": {
    "cordova-plugin-device": {
      "version": "2.0.3",
      "resolved": "https://registry.npmjs.org/cordova-plugin-device/-/cordova-plugin-device-2.0.3.tgz",
      "integrity": "sha512-Jb3V72btxf3XHpkPQsGdyc8N6tVBYn1vsxSFj43fIz9vonJDUThYPCJJHqk6PX6N4dJw6I4FjxkpfCR4LDYMlw==",
      "dev": true
    },
    "cordova-plugin-jcore": {
      "version": "1.3.1",
      "resolved": "https://registry.npmjs.org/cordova-plugin-jcore/-/cordova-plugin-jcore-1.3.1.tgz",
      "integrity": "sha512-oseQlD0jz74odoTfeNBOf+GoXDoU4yyX3h8VHpf+NtH6GoLoNrp1P1F3NnCuI/jmU0oSvHJqbxw7jTabQwOe3A==",
      "dev": true
    }
  }
}
